
Microsoft Visual Studio Solution File, Format Version 12.00
# Visual Studio Version 16
VisualStudioVersion = 16.0.29411.108
MinimumVisualStudioVersion = 10.0.40219.1
Project("{9A19103F-16F7-4668-BE54-9A1E7A4F7556}") = "RedNXRP", "RedNXRP\RedNXRP.csproj", "{0C57BC7E-2329-46B1-90E7-607490C2D215}"
EndProject
Global
	GlobalSection(SolutionConfigurationPlatforms) = preSolution
		Debug|Any CPU = Debug|Any CPU
		Release|Any CPU = Release|Any CPU
	EndGlobalSection
	GlobalSection(ProjectConfigurationPlatforms) = postSolution
		{0C57BC7E-2329-46B1-90E7-607490C2D215}.Debug|Any CPU.ActiveCfg = Debug|Any CPU
		{0C57BC7E-2329-46B1-90E7-607490C2D215}.Debug|Any CPU.Build.0 = Debug|Any CPU
		{0C57BC7E-2329-46B1-90E7-607490C2D215}.Release|Any CPU.ActiveCfg = Release|Any CPU
		{0C57BC7E-2329-46B1-90E7-607490C2D215}.Release|Any CPU.Build.0 = Release|Any CPU
	EndGlobalSection
	GlobalSection(SolutionProperties) = preSolution
		HideSolutionNode = FALSE
	EndGlobalSection
	GlobalSection(ExtensibilityGlobals) = postSolution
		SolutionGuid = {8A56FC84-F1A6-400F-AC7B-DFF2EF4CFE87}
	EndGlobalSection
EndGlobal
